
Microsoft Visual Studio Solution File, Format Version 12.00
# Visual Studio Version 17
VisualStudioVersion = 17.11.35219.272
MinimumVisualStudioVersion = 10.0.40219.1
Project("{FAE04EC0-301F-11D3-BF4B-00C04F79EFBC}") = "Presentation", "Presentation\Presentation.csproj", "{DEFA4535-553E-4AA8-896E-EC460C2873BE}"
EndProject
Project("{E53339B2-1760-4266-BCC7-CA923CBCF16C}") = "docker-compose", "docker-compose.dcproj", "{9B89C38D-D1F1-4FAA-B828-97CC3A928855}"
EndProject
Project("{FAE04EC0-301F-11D3-BF4B-00C04F79EFBC}") = "Infrastructure", "Infrastructure\Infrastructure.csproj", "{2F2BCA30-0887-477C-B004-8C62557B6AFF}"
EndProject
Global
	GlobalSection(SolutionConfigurationPlatforms) = preSolution
		Debug|Any CPU = Debug|Any CPU
		Release|Any CPU = Release|Any CPU
	EndGlobalSection
	GlobalSection(ProjectConfigurationPlatforms) = postSolution
		{DEFA4535-553E-4AA8-896E-EC460C2873BE}.Debug|Any CPU.ActiveCfg = Debug|Any CPU
		{DEFA4535-553E-4AA8-896E-EC460C2873BE}.Debug|Any CPU.Build.0 = Debug|Any CPU
		{DEFA4535-553E-4AA8-896E-EC460C2873BE}.Release|Any CPU.ActiveCfg = Release|Any CPU
		{DEFA4535-553E-4AA8-896E-EC460C2873BE}.Release|Any CPU.Build.0 = Release|Any CPU
		{9B89C38D-D1F1-4FAA-B828-97CC3A928855}.Debug|Any CPU.ActiveCfg = Debug|Any CPU
		{9B89C38D-D1F1-4FAA-B828-97CC3A928855}.Debug|Any CPU.Build.0 = Debug|Any CPU
		{9B89C38D-D1F1-4FAA-B828-97CC3A928855}.Release|Any CPU.ActiveCfg = Release|Any CPU
		{9B89C38D-D1F1-4FAA-B828-97CC3A928855}.Release|Any CPU.Build.0 = Release|Any CPU
		{2F2BCA30-0887-477C-B004-8C62557B6AFF}.Debug|Any CPU.ActiveCfg = Debug|Any CPU
		{2F2BCA30-0887-477C-B004-8C62557B6AFF}.Debug|Any CPU.Build.0 = Debug|Any CPU
		{2F2BCA30-0887-477C-B004-8C62557B6AFF}.Release|Any CPU.ActiveCfg = Release|Any CPU
		{2F2BCA30-0887-477C-B004-8C62557B6AFF}.Release|Any CPU.Build.0 = Release|Any CPU
	EndGlobalSection
	GlobalSection(SolutionProperties) = preSolution
		HideSolutionNode = FALSE
	EndGlobalSection
	GlobalSection(ExtensibilityGlobals) = postSolution
		SolutionGuid = {65897857-E106-4361-8CB0-C7CF28F95489}
	EndGlobalSection
EndGlobal
